// !$*UTF8*$!
{
	archiveVersion = 1;
	classes = {
	};
	objectVersion = 55;
	objects = {

/* Begin PBXBuildFile section */
		CA033D9E28AA57F20046B2A9 /* AppDelegate.swift in Sources */ = {isa = PBXBuildFile; fileRef = CA033D9D28AA57F20046B2A9 /* AppDelegate.swift */; };
		CA033DA028AA57F20046B2A9 /* SceneDelegate.swift in Sources */ = {isa = PBXBuildFile; fileRef = CA033D9F28AA57F20046B2A9 /* SceneDelegate.swift */; };
		CA033DA228AA57F20046B2A9 /* CleanerViewController.swift in Sources */ = {isa = PBXBuildFile; fileRef = CA033DA128AA57F20046B2A9 /* CleanerViewController.swift */; };
		CA033DA728AA57F20046B2A9 /* Assets.xcassets in Resources */ = {isa = PBXBuildFile; fileRef = CA033DA628AA57F20046B2A9 /* Assets.xcassets */; };
		CA033DAA28AA57F20046B2A9 /* LaunchScreen.storyboard in Resources */ = {isa = PBXBuildFile; fileRef = CA033DA828AA57F20046B2A9 /* LaunchScreen.storyboard */; };
		CA033DB228AA5BE30046B2A9 /* SpeedViewController.swift in Sources */ = {isa = PBXBuildFile; fileRef = CA033DB128AA5BE30046B2A9 /* SpeedViewController.swift */; };
		CA033DB428AA701E0046B2A9 /* CircleView.swift in Sources */ = {isa = PBXBuildFile; fileRef = CA033DB328AA701E0046B2A9 /* CircleView.swift */; };
		CA033DBA28AAE9450046B2A9 /* EmptyCircleView.swift in Sources */ = {isa = PBXBuildFile; fileRef = CA033DB928AAE9450046B2A9 /* EmptyCircleView.swift */; };
		CA69E7CC28AC3F91008FC55F /* Roboto-Regular.ttf in Resources */ = {isa = PBXBuildFile; fileRef = CA69E7CB28AC3F91008FC55F /* Roboto-Regular.ttf */; };
		CAA2137928AE7465006EB1B2 /* Constants.swift in Sources */ = {isa = PBXBuildFile; fileRef = CAA2137828AE7465006EB1B2 /* Constants.swift */; };
		CAAFDB2528AD5F4200AA0FF9 /* PhotosCircleView.swift in Sources */ = {isa = PBXBuildFile; fileRef = CAAFDB2428AD5F4200AA0FF9 /* PhotosCircleView.swift */; };
		CAAFDB2928AD5F9F00AA0FF9 /* ScreenshotsCircleView.swift in Sources */ = {isa = PBXBuildFile; fileRef = CAAFDB2828AD5F9F00AA0FF9 /* ScreenshotsCircleView.swift */; };
		CAAFDB2B28AD5FAF00AA0FF9 /* ContactsCircleView.swift in Sources */ = {isa = PBXBuildFile; fileRef = CAAFDB2A28AD5FAF00AA0FF9 /* ContactsCircleView.swift */; };
		CAAFDB2E28AD797400AA0FF9 /* PhotosEmptyCircleView.swift in Sources */ = {isa = PBXBuildFile; fileRef = CAAFDB2D28AD797400AA0FF9 /* PhotosEmptyCircleView.swift */; };
		CAAFDB3028AD798500AA0FF9 /* StorageEmptyCircleView.swift in Sources */ = {isa = PBXBuildFile; fileRef = CAAFDB2F28AD798500AA0FF9 /* StorageEmptyCircleView.swift */; };
		CAAFDB3228AD799600AA0FF9 /* VideosEmptyCircleView.swift in Sources */ = {isa = PBXBuildFile; fileRef = CAAFDB3128AD799600AA0FF9 /* VideosEmptyCircleView.swift */; };
		CAAFDB3428AD812800AA0FF9 /* LargeCircleView.swift in Sources */ = {isa = PBXBuildFile; fileRef = CAAFDB3328AD812800AA0FF9 /* LargeCircleView.swift */; };
		CAB4F33E28AD5A0500F04885 /* CircleTextLabel.swift in Sources */ = {isa = PBXBuildFile; fileRef = CAB4F33D28AD5A0500F04885 /* CircleTextLabel.swift */; };
/* End PBXBuildFile section */

/* Begin PBXFileReference section */
		CA033D9A28AA57F20046B2A9 /* lightApps_Test.app */ = {isa = PBXFileReference; explicitFileType = wrapper.application; includeInIndex = 0; path = lightApps_Test.app; sourceTree = BUILT_PRODUCTS_DIR; };
		CA033D9D28AA57F20046B2A9 /* AppDelegate.swift */ = {isa = PBXFileReference; lastKnownFileType = sourcecode.swift; path = AppDelegate.swift; sourceTree = "<group>"; };
		CA033D9F28AA57F20046B2A9 /* SceneDelegate.swift */ = {isa = PBXFileReference; lastKnownFileType = sourcecode.swift; path = SceneDelegate.swift; sourceTree = "<group>"; };
		CA033DA128AA57F20046B2A9 /* CleanerViewController.swift */ = {isa = PBXFileReference; lastKnownFileType = sourcecode.swift; path = CleanerViewController.swift; sourceTree = "<group>"; };
		CA033DA628AA57F20046B2A9 /* Assets.xcassets */ = {isa = PBXFileReference; lastKnownFileType = folder.assetcatalog; path = Assets.xcassets; sourceTree = "<group>"; };
		CA033DA928AA57F20046B2A9 /* Base */ = {isa = PBXFileReference; lastKnownFileType = file.storyboard; name = Base; path = Base.lproj/LaunchScreen.storyboard; sourceTree = "<group>"; };
		CA033DAB28AA57F20046B2A9 /* Info.plist */ = {isa = PBXFileReference; lastKnownFileType = text.plist.xml; path = Info.plist; sourceTree = "<group>"; };
		CA033DB128AA5BE30046B2A9 /* SpeedViewController.swift */ = {isa = PBXFileReference; lastKnownFileType = sourcecode.swift; path = SpeedViewController.swift; sourceTree = "<group>"; };
		CA033DB328AA701E0046B2A9 /* CircleView.swift */ = {isa = PBXFileReference; lastKnownFileType = sourcecode.swift; path = CircleView.swift; sourceTree = "<group>"; };
		CA033DB928AAE9450046B2A9 /* EmptyCircleView.swift */ = {isa = PBXFileReference; lastKnownFileType = sourcecode.swift; path = EmptyCircleView.swift; sourceTree = "<group>"; };
		CA69E7CB28AC3F91008FC55F /* Roboto-Regular.ttf */ = {isa = PBXFileReference; lastKnownFileType = file; path = "Roboto-Regular.ttf"; sourceTree = "<group>"; };
		CAA2137828AE7465006EB1B2 /* Constants.swift */ = {isa = PBXFileReference; lastKnownFileType = sourcecode.swift; path = Constants.swift; sourceTree = "<group>"; };
		CAAFDB2428AD5F4200AA0FF9 /* PhotosCircleView.swift */ = {isa = PBXFileReference; lastKnownFileType = sourcecode.swift; path = PhotosCircleView.swift; sourceTree = "<group>"; };
		CAAFDB2828AD5F9F00AA0FF9 /* ScreenshotsCircleView.swift */ = {isa = PBXFileReference; lastKnownFileType = sourcecode.swift; path = ScreenshotsCircleView.swift; sourceTree = "<group>"; };
		CAAFDB2A28AD5FAF00AA0FF9 /* ContactsCircleView.swift */ = {isa = PBXFileReference; lastKnownFileType = sourcecode.swift; path = ContactsCircleView.swift; sourceTree = "<group>"; };
		CAAFDB2D28AD797400AA0FF9 /* PhotosEmptyCircleView.swift */ = {isa = PBXFileReference; lastKnownFileType = sourcecode.swift; path = PhotosEmptyCircleView.swift; sourceTree = "<group>"; };
		CAAFDB2F28AD798500AA0FF9 /* StorageEmptyCircleView.swift */ = {isa = PBXFileReference; lastKnownFileType = sourcecode.swift; path = StorageEmptyCircleView.swift; sourceTree = "<group>"; };
		CAAFDB3128AD799600AA0FF9 /* VideosEmptyCircleView.swift */ = {isa = PBXFileReference; lastKnownFileType = sourcecode.swift; path = VideosEmptyCircleView.swift; sourceTree = "<group>"; };
		CAAFDB3328AD812800AA0FF9 /* LargeCircleView.swift */ = {isa = PBXFileReference; lastKnownFileType = sourcecode.swift; path = LargeCircleView.swift; sourceTree = "<group>"; };
		CAB4F33D28AD5A0500F04885 /* CircleTextLabel.swift */ = {isa = PBXFileReference; lastKnownFileType = sourcecode.swift; path = CircleTextLabel.swift; sourceTree = "<group>"; };
/* End PBXFileReference section */

/* Begin PBXFrameworksBuildPhase section */
		CA033D9728AA57F20046B2A9 /* Frameworks */ = {
			isa = PBXFrameworksBuildPhase;
			buildActionMask = 2147483647;
			files = (
			);
			runOnlyForDeploymentPostprocessing = 0;
		};
/* End PBXFrameworksBuildPhase section */

/* Begin PBXGroup section */
		CA033D9128AA57F20046B2A9 = {
			isa = PBXGroup;
			children = (
				CA033D9C28AA57F20046B2A9 /* lightApps_Test */,
				CA033D9B28AA57F20046B2A9 /* Products */,
			);
			sourceTree = "<group>";
		};
		CA033D9B28AA57F20046B2A9 /* Products */ = {
			isa = PBXGroup;
			children = (
				CA033D9A28AA57F20046B2A9 /* lightApps_Test.app */,
			);
			name = Products;
			sourceTree = "<group>";
		};
		CA033D9C28AA57F20046B2A9 /* lightApps_Test */ = {
			isa = PBXGroup;
			children = (
				CA9CC10828B2A952007EC90D /* Application */,
				CA9CC10628B2A93A007EC90D /* Utilities */,
				CA033DB528AA9EE40046B2A9 /* Screens */,
				CA033DB628AA9EEC0046B2A9 /* Custom Views */,
				CA69E7C828AC3F5E008FC55F /* Fonts */,
				CA69E7C728AC3F20008FC55F /* Resources */,
			);
			path = lightApps_Test;
			sourceTree = "<group>";
		};
		CA033DB528AA9EE40046B2A9 /* Screens */ = {
			isa = PBXGroup;
			children = (
				CA033DA128AA57F20046B2A9 /* CleanerViewController.swift */,
				CA033DB128AA5BE30046B2A9 /* SpeedViewController.swift */,
			);
			path = Screens;
			sourceTree = "<group>";
		};
		CA033DB628AA9EEC0046B2A9 /* Custom Views */ = {
			isa = PBXGroup;
			children = (
				CAAFDB2628AD5F5800AA0FF9 /* Circle */,
				FABEC77528B2BB060000C6AB /* Large Circle */,
				CAAFDB2728AD5F6500AA0FF9 /* Empty Circle */,
			);
			path = "Custom Views";
			sourceTree = "<group>";
		};
		CA69E7C728AC3F20008FC55F /* Resources */ = {
			isa = PBXGroup;
			children = (
				CA033DA628AA57F20046B2A9 /* Assets.xcassets */,
				CA033DA828AA57F20046B2A9 /* LaunchScreen.storyboard */,
				CA033DAB28AA57F20046B2A9 /* Info.plist */,
			);
			path = Resources;
			sourceTree = "<group>";
		};
		CA69E7C828AC3F5E008FC55F /* Fonts */ = {
			isa = PBXGroup;
			children = (
				CA69E7CB28AC3F91008FC55F /* Roboto-Regular.ttf */,
			);
			path = Fonts;
			sourceTree = "<group>";
		};
		CA9CC10628B2A93A007EC90D /* Utilities */ = {
			isa = PBXGroup;
			children = (
				CAA2137828AE7465006EB1B2 /* Constants.swift */,
			);
			path = Utilities;
			sourceTree = "<group>";
		};
		CA9CC10828B2A952007EC90D /* Application */ = {
			isa = PBXGroup;
			children = (
				CA033D9D28AA57F20046B2A9 /* AppDelegate.swift */,
				CA033D9F28AA57F20046B2A9 /* SceneDelegate.swift */,
			);
			path = Application;
			sourceTree = "<group>";
		};
		CAAFDB2628AD5F5800AA0FF9 /* Circle */ = {
			isa = PBXGroup;
			children = (
				CAB4F33D28AD5A0500F04885 /* CircleTextLabel.swift */,
				CA033DB328AA701E0046B2A9 /* CircleView.swift */,
				CAAFDB2428AD5F4200AA0FF9 /* PhotosCircleView.swift */,
				CAAFDB2828AD5F9F00AA0FF9 /* ScreenshotsCircleView.swift */,
				CAAFDB2A28AD5FAF00AA0FF9 /* ContactsCircleView.swift */,
			);
			path = Circle;
			sourceTree = "<group>";
		};
		CAAFDB2728AD5F6500AA0FF9 /* Empty Circle */ = {
			isa = PBXGroup;
			children = (
				CA033DB928AAE9450046B2A9 /* EmptyCircleView.swift */,
				CAAFDB2D28AD797400AA0FF9 /* PhotosEmptyCircleView.swift */,
				CAAFDB2F28AD798500AA0FF9 /* StorageEmptyCircleView.swift */,
				CAAFDB3128AD799600AA0FF9 /* VideosEmptyCircleView.swift */,
			);
			path = "Empty Circle";
			sourceTree = "<group>";
		};
		FABEC77528B2BB060000C6AB /* Large Circle */ = {
			isa = PBXGroup;
			children = (
				CAAFDB3328AD812800AA0FF9 /* LargeCircleView.swift */,
			);
			path = "Large Circle";
			sourceTree = "<group>";
		};
/* End PBXGroup section */

/* Begin PBXNativeTarget section */
		CA033D9928AA57F20046B2A9 /* lightApps_Test */ = {
			isa = PBXNativeTarget;
			buildConfigurationList = CA033DAE28AA57F20046B2A9 /* Build configuration list for PBXNativeTarget "lightApps_Test" */;
			buildPhases = (
				CA033D9628AA57F20046B2A9 /* Sources */,
				CA033D9728AA57F20046B2A9 /* Frameworks */,
				CA033D9828AA57F20046B2A9 /* Resources */,
			);
			buildRules = (
			);
			dependencies = (
			);
			name = lightApps_Test;
			productName = lightApps_Test;
			productReference = CA033D9A28AA57F20046B2A9 /* lightApps_Test.app */;
			productType = "com.apple.product-type.application";
		};
/* End PBXNativeTarget section */

/* Begin PBXProject section */
		CA033D9228AA57F20046B2A9 /* Project object */ = {
			isa = PBXProject;
			attributes = {
				BuildIndependentTargetsInParallel = 1;
				LastSwiftUpdateCheck = 1340;
				LastUpgradeCheck = 1340;
				TargetAttributes = {
					CA033D9928AA57F20046B2A9 = {
						CreatedOnToolsVersion = 13.4.1;
					};
				};
			};
			buildConfigurationList = CA033D9528AA57F20046B2A9 /* Build configuration list for PBXProject "lightApps_Test" */;
			compatibilityVersion = "Xcode 13.0";
			developmentRegion = en;
			hasScannedForEncodings = 0;
			knownRegions = (
				en,
				Base,
			);
			mainGroup = CA033D9128AA57F20046B2A9;
			productRefGroup = CA033D9B28AA57F20046B2A9 /* Products */;
			projectDirPath = "";
			projectRoot = "";
			targets = (
				CA033D9928AA57F20046B2A9 /* lightApps_Test */,
			);
		};
/* End PBXProject section */

/* Begin PBXResourcesBuildPhase section */
		CA033D9828AA57F20046B2A9 /* Resources */ = {
			isa = PBXResourcesBuildPhase;
			buildActionMask = 2147483647;
			files = (
				CA69E7CC28AC3F91008FC55F /* Roboto-Regular.ttf in Resources */,
				CA033DAA28AA57F20046B2A9 /* LaunchScreen.storyboard in Resources */,
				CA033DA728AA57F20046B2A9 /* Assets.xcassets in Resources */,
			);
			runOnlyForDeploymentPostprocessing = 0;
		};
/* End PBXResourcesBuildPhase section */

/* Begin PBXSourcesBuildPhase section */
		CA033D9628AA57F20046B2A9 /* Sources */ = {
			isa = PBXSourcesBuildPhase;
			buildActionMask = 2147483647;
			files = (
				CA033DB228AA5BE30046B2A9 /* SpeedViewController.swift in Sources */,
				CAB4F33E28AD5A0500F04885 /* CircleTextLabel.swift in Sources */,
				CAAFDB3428AD812800AA0FF9 /* LargeCircleView.swift in Sources */,
				CA033DB428AA701E0046B2A9 /* CircleView.swift in Sources */,
				CAAFDB2E28AD797400AA0FF9 /* PhotosEmptyCircleView.swift in Sources */,
				CAA2137928AE7465006EB1B2 /* Constants.swift in Sources */,
				CAAFDB3028AD798500AA0FF9 /* StorageEmptyCircleView.swift in Sources */,
				CAAFDB2B28AD5FAF00AA0FF9 /* ContactsCircleView.swift in Sources */,
				CAAFDB2528AD5F4200AA0FF9 /* PhotosCircleView.swift in Sources */,
				CAAFDB2928AD5F9F00AA0FF9 /* ScreenshotsCircleView.swift in Sources */,
				CAAFDB3228AD799600AA0FF9 /* VideosEmptyCircleView.swift in Sources */,
				CA033DA228AA57F20046B2A9 /* CleanerViewController.swift in Sources */,
				CA033D9E28AA57F20046B2A9 /* AppDelegate.swift in Sources */,
				CA033DBA28AAE9450046B2A9 /* EmptyCircleView.swift in Sources */,
				CA033DA028AA57F20046B2A9 /* SceneDelegate.swift in Sources */,
			);
			runOnlyForDeploymentPostprocessing = 0;
		};
/* End PBXSourcesBuildPhase section */

/* Begin PBXVariantGroup section */
		CA033DA828AA57F20046B2A9 /* LaunchScreen.storyboard */ = {
			isa = PBXVariantGroup;
			children = (
				CA033DA928AA57F20046B2A9 /* Base */,
			);
			name = LaunchScreen.storyboard;
			sourceTree = "<group>";
		};
/* End PBXVariantGroup section */

/* Begin XCBuildConfiguration section */
		CA033DAC28AA57F20046B2A9 /* Debug */ = {
			isa = XCBuildConfiguration;
			buildSettings = {
				ALWAYS_SEARCH_USER_PATHS = NO;
				CLANG_ANALYZER_NONNULL = YES;
				CLANG_ANALYZER_NUMBER_OBJECT_CONVERSION = YES_AGGRESSIVE;
				CLANG_CXX_LANGUAGE_STANDARD = "gnu++17";
				CLANG_ENABLE_MODULES = YES;
				CLANG_ENABLE_OBJC_ARC = YES;
				CLANG_ENABLE_OBJC_WEAK = YES;
				CLANG_WARN_BLOCK_CAPTURE_AUTORELEASING = YES;
				CLANG_WARN_BOOL_CONVERSION = YES;
				CLANG_WARN_COMMA = YES;
				CLANG_WARN_CONSTANT_CONVERSION = YES;
				CLANG_WARN_DEPRECATED_OBJC_IMPLEMENTATIONS = YES;
				CLANG_WARN_DIRECT_OBJC_ISA_USAGE = YES_ERROR;
				CLANG_WARN_DOCUMENTATION_COMMENTS = YES;
				CLANG_WARN_EMPTY_BODY = YES;
				CLANG_WARN_ENUM_CONVERSION = YES;
				CLANG_WARN_INFINITE_RECURSION = YES;
				CLANG_WARN_INT_CONVERSION = YES;
				CLANG_WARN_NON_LITERAL_NULL_CONVERSION = YES;
				CLANG_WARN_OBJC_IMPLICIT_RETAIN_SELF = YES;
				CLANG_WARN_OBJC_LITERAL_CONVERSION = YES;
				CLANG_WARN_OBJC_ROOT_CLASS = YES_ERROR;
				CLANG_WARN_QUOTED_INCLUDE_IN_FRAMEWORK_HEADER = YES;
				CLANG_WARN_RANGE_LOOP_ANALYSIS = YES;
				CLANG_WARN_STRICT_PROTOTYPES = YES;
				CLANG_WARN_SUSPICIOUS_MOVE = YES;
				CLANG_WARN_UNGUARDED_AVAILABILITY = YES_AGGRESSIVE;
				CLANG_WARN_UNREACHABLE_CODE = YES;
				CLANG_WARN__DUPLICATE_METHOD_MATCH = YES;
				COPY_PHASE_STRIP = NO;
				DEBUG_INFORMATION_FORMAT = dwarf;
				ENABLE_STRICT_OBJC_MSGSEND = YES;
				ENABLE_TESTABILITY = YES;
				GCC_C_LANGUAGE_STANDARD = gnu11;
				GCC_DYNAMIC_NO_PIC = NO;
				GCC_NO_COMMON_BLOCKS = YES;
				GCC_OPTIMIZATION_LEVEL = 0;
				GCC_PREPROCESSOR_DEFINITIONS = (
					"DEBUG=1",
					"$(inherited)",
				);
				GCC_WARN_64_TO_32_BIT_CONVERSION = YES;
				GCC_WARN_ABOUT_RETURN_TYPE = YES_ERROR;
				GCC_WARN_UNDECLARED_SELECTOR = YES;
				GCC_WARN_UNINITIALIZED_AUTOS = YES_AGGRESSIVE;
				GCC_WARN_UNUSED_FUNCTION = YES;
				GCC_WARN_UNUSED_VARIABLE = YES;
				IPHONEOS_DEPLOYMENT_TARGET = 15.5;
				MTL_ENABLE_DEBUG_INFO = INCLUDE_SOURCE;
				MTL_FAST_MATH = YES;
				ONLY_ACTIVE_ARCH = YES;
				SDKROOT = iphoneos;
				SWIFT_ACTIVE_COMPILATION_CONDITIONS = DEBUG;
				SWIFT_OPTIMIZATION_LEVEL = "-Onone";
			};
			name = Debug;
		};
		CA033DAD28AA57F20046B2A9 /* Release */ = {
			isa = XCBuildConfiguration;
			buildSettings = {
				ALWAYS_SEARCH_USER_PATHS = NO;
				CLANG_ANALYZER_NONNULL = YES;
				CLANG_ANALYZER_NUMBER_OBJECT_CONVERSION = YES_AGGRESSIVE;
				CLANG_CXX_LANGUAGE_STANDARD = "gnu++17";
				CLANG_ENABLE_MODULES = YES;
				CLANG_ENABLE_OBJC_ARC = YES;
				CLANG_ENABLE_OBJC_WEAK = YES;
				CLANG_WARN_BLOCK_CAPTURE_AUTORELEASING = YES;
				CLANG_WARN_BOOL_CONVERSION = YES;
				CLANG_WARN_COMMA = YES;
				CLANG_WARN_CONSTANT_CONVERSION = YES;
				CLANG_WARN_DEPRECATED_OBJC_IMPLEMENTATIONS = YES;
				CLANG_WARN_DIRECT_OBJC_ISA_USAGE = YES_ERROR;
				CLANG_WARN_DOCUMENTATION_COMMENTS = YES;
				CLANG_WARN_EMPTY_BODY = YES;
				CLANG_WARN_ENUM_CONVERSION = YES;
				CLANG_WARN_INFINITE_RECURSION = YES;
				CLANG_WARN_INT_CONVERSION = YES;
				CLANG_WARN_NON_LITERAL_NULL_CONVERSION = YES;
				CLANG_WARN_OBJC_IMPLICIT_RETAIN_SELF = YES;
				CLANG_WARN_OBJC_LITERAL_CONVERSION = YES;
				CLANG_WARN_OBJC_ROOT_CLASS = YES_ERROR;
				CLANG_WARN_QUOTED_INCLUDE_IN_FRAMEWORK_HEADER = YES;
				CLANG_WARN_RANGE_LOOP_ANALYSIS = YES;
				CLANG_WARN_STRICT_PROTOTYPES = YES;
				CLANG_WARN_SUSPICIOUS_MOVE = YES;
				CLANG_WARN_UNGUARDED_AVAILABILITY = YES_AGGRESSIVE;
				CLANG_WARN_UNREACHABLE_CODE = YES;
				CLANG_WARN__DUPLICATE_METHOD_MATCH = YES;
				COPY_PHASE_STRIP = NO;
				DEBUG_INFORMATION_FORMAT = "dwarf-with-dsym";
				ENABLE_NS_ASSERTIONS = NO;
				ENABLE_STRICT_OBJC_MSGSEND = YES;
				GCC_C_LANGUAGE_STANDARD = gnu11;
				GCC_NO_COMMON_BLOCKS = YES;
				GCC_WARN_64_TO_32_BIT_CONVERSION = YES;
				GCC_WARN_ABOUT_RETURN_TYPE = YES_ERROR;
				GCC_WARN_UNDECLARED_SELECTOR = YES;
				GCC_WARN_UNINITIALIZED_AUTOS = YES_AGGRESSIVE;
				GCC_WARN_UNUSED_FUNCTION = YES;
				GCC_WARN_UNUSED_VARIABLE = YES;
				IPHONEOS_DEPLOYMENT_TARGET = 15.5;
				MTL_ENABLE_DEBUG_INFO = NO;
				MTL_FAST_MATH = YES;
				SDKROOT = iphoneos;
				SWIFT_COMPILATION_MODE = wholemodule;
				SWIFT_OPTIMIZATION_LEVEL = "-O";
				VALIDATE_PRODUCT = YES;
			};
			name = Release;
		};
		CA033DAF28AA57F20046B2A9 /* Debug */ = {
			isa = XCBuildConfiguration;
			buildSettings = {
				ASSETCATALOG_COMPILER_APPICON_NAME = AppIcon;
				ASSETCATALOG_COMPILER_GLOBAL_ACCENT_COLOR_NAME = AccentColor;
				CODE_SIGN_STYLE = Automatic;
				CURRENT_PROJECT_VERSION = 1;
				DEVELOPMENT_TEAM = TZALL639VQ;
				GENERATE_INFOPLIST_FILE = YES;
				INFOPLIST_FILE = lightApps_Test/Resources/Info.plist;
				INFOPLIST_KEY_UIApplicationSupportsIndirectInputEvents = YES;
				INFOPLIST_KEY_UILaunchStoryboardName = LaunchScreen;
				INFOPLIST_KEY_UISupportedInterfaceOrientations = UIInterfaceOrientationPortrait;
				INFOPLIST_KEY_UISupportedInterfaceOrientations_iPad = "UIInterfaceOrientationPortrait UIInterfaceOrientationPortraitUpsideDown UIInterfaceOrientationLandscapeLeft UIInterfaceOrientationLandscapeRight";
				INFOPLIST_KEY_UISupportedInterfaceOrientations_iPhone = "UIInterfaceOrientationPortrait UIInterfaceOrientationLandscapeLeft UIInterfaceOrientationLandscapeRight";
				IPHONEOS_DEPLOYMENT_TARGET = 14.0;
				LD_RUNPATH_SEARCH_PATHS = (
					"$(inherited)",
					"@executable_path/Frameworks",
				);
				MARKETING_VERSION = 1.0;
				PRODUCT_BUNDLE_IDENTIFIER = "muler.lightApps-Test";
				PRODUCT_NAME = "$(TARGET_NAME)";
				SWIFT_EMIT_LOC_STRINGS = YES;
				SWIFT_VERSION = 5.0;
				TARGETED_DEVICE_FAMILY = "1,2";
			};
			name = Debug;
		};
		CA033DB028AA57F20046B2A9 /* Release */ = {
			isa = XCBuildConfiguration;
			buildSettings = {
				ASSETCATALOG_COMPILER_APPICON_NAME = AppIcon;
				ASSETCATALOG_COMPILER_GLOBAL_ACCENT_COLOR_NAME = AccentColor;
				CODE_SIGN_STYLE = Automatic;
				CURRENT_PROJECT_VERSION = 1;
				DEVELOPMENT_TEAM = TZALL639VQ;
				GENERATE_INFOPLIST_FILE = YES;
				INFOPLIST_FILE = lightApps_Test/Resources/Info.plist;
				INFOPLIST_KEY_UIApplicationSupportsIndirectInputEvents = YES;
				INFOPLIST_KEY_UILaunchStoryboardName = LaunchScreen;
				INFOPLIST_KEY_UISupportedInterfaceOrientations = UIInterfaceOrientationPortrait;
				INFOPLIST_KEY_UISupportedInterfaceOrientations_iPad = "UIInterfaceOrientationPortrait UIInterfaceOrientationPortraitUpsideDown UIInterfaceOrientationLandscapeLeft UIInterfaceOrientationLandscapeRight";
				INFOPLIST_KEY_UISupportedInterfaceOrientations_iPhone = "UIInterfaceOrientationPortrait UIInterfaceOrientationLandscapeLeft UIInterfaceOrientationLandscapeRight";
				IPHONEOS_DEPLOYMENT_TARGET = 14.0;
				LD_RUNPATH_SEARCH_PATHS = (
					"$(inherited)",
					"@executable_path/Frameworks",
				);
				MARKETING_VERSION = 1.0;
				PRODUCT_BUNDLE_IDENTIFIER = "muler.lightApps-Test";
				PRODUCT_NAME = "$(TARGET_NAME)";
				SWIFT_EMIT_LOC_STRINGS = YES;
				SWIFT_VERSION = 5.0;
				TARGETED_DEVICE_FAMILY = "1,2";
			};
			name = Release;
		};
/* End XCBuildConfiguration section */

/* Begin XCConfigurationList section */
		CA033D9528AA57F20046B2A9 /* Build configuration list for PBXProject "lightApps_Test" */ = {
			isa = XCConfigurationList;
			buildConfigurations = (
				CA033DAC28AA57F20046B2A9 /* Debug */,
				CA033DAD28AA57F20046B2A9 /* Release */,
			);
			defaultConfigurationIsVisible = 0;
			defaultConfigurationName = Release;
		};
		CA033DAE28AA57F20046B2A9 /* Build configuration list for PBXNativeTarget "lightApps_Test" */ = {
			isa = XCConfigurationList;
			buildConfigurations = (
				CA033DAF28AA57F20046B2A9 /* Debug */,
				CA033DB028AA57F20046B2A9 /* Release */,
			);
			defaultConfigurationIsVisible = 0;
			defaultConfigurationName = Release;
		};
/* End XCConfigurationList section */
	};
	rootObject = CA033D9228AA57F20046B2A9 /* Project object */;
}
